# This file is generated by running "yarn install" inside your project.
# Manual changes might be lost - proceed with caution!

__metadata:
  version: 8
  cacheKey: 10c0

"root-workspace-0b6124@workspace:.":
  version: 0.0.0-use.local
  resolution: "root-workspace-0b6124@workspace:."
  dependencies:
    yarn: "npm:^1.22.10"
  languageName: unknown
  linkType: soft

"yarn@npm:^1.22.10":
  version: 1.22.10
  resolution: "yarn@npm:1.22.10::__archiveUrl=https%3A%2F%2Fpackages.atlassian.com%2Fapi%2Fnpm%2Fnpm-remote%2Fyarn%2F-%2Fyarn-1.22.10.tgz"
  bin:
    yarn: bin/yarn.js
    yarnpkg: bin/yarn.js
  checksum: 10c0/14885fa1b5f25f53e693e3f77f487d02d1a83e86613527810737a1d406de9d462ddbb4a5af3b4ad023142f96d9d8408c5af3d86de75f5bd916a2f1a78f1ea997
  languageName: node
  linkType: hard
